
Microsoft Visual Studio Solution File, Format Version 12.00
# Visual Studio Version 16
VisualStudioVersion = 16.0.29306.81
MinimumVisualStudioVersion = 10.0.40219.1
Project("{FAE04EC0-301F-11D3-BF4B-00C04F79EFBC}") = "BestBuyRestAutomation", "BestBuyRestAutomation\BestBuyRestAutomation.csproj", "{D2D1E9B8-9A22-4F29-9027-A0127B01BFE8}"
EndProject
Global
	GlobalSection(SolutionConfigurationPlatforms) = preSolution
		Debug|Any CPU = Debug|Any CPU
		Release|Any CPU = Release|Any CPU
	EndGlobalSection
	GlobalSection(ProjectConfigurationPlatforms) = postSolution
		{D2D1E9B8-9A22-4F29-9027-A0127B01BFE8}.Debug|Any CPU.ActiveCfg = Debug|Any CPU
		{D2D1E9B8-9A22-4F29-9027-A0127B01BFE8}.Debug|Any CPU.Build.0 = Debug|Any CPU
		{D2D1E9B8-9A22-4F29-9027-A0127B01BFE8}.Release|Any CPU.ActiveCfg = Release|Any CPU
		{D2D1E9B8-9A22-4F29-9027-A0127B01BFE8}.Release|Any CPU.Build.0 = Release|Any CPU
	EndGlobalSection
	GlobalSection(SolutionProperties) = preSolution
		HideSolutionNode = FALSE
	EndGlobalSection
	GlobalSection(ExtensibilityGlobals) = postSolution
		SolutionGuid = {49392425-54D2-4A16-A47A-5E32CEBEF1BB}
	EndGlobalSection
EndGlobal
